
Microsoft Visual Studio Solution File, Format Version 12.00
# Visual Studio 2012
Project("{FAE04EC0-301F-11D3-BF4B-00C04F79EFBC}") = "Vindinium", "Vindinium\Vindinium.csproj", "{D92489E7-49E9-4D1B-8E01-FB69223E0BE3}"
EndProject
Project("{FAE04EC0-301F-11D3-BF4B-00C04F79EFBC}") = "VindiniumExample", "VindiniumExample\VindiniumExample.csproj", "{24BE46A8-0536-4359-BE20-0F0F4CD85E0E}"
EndProject
Global
	GlobalSection(SolutionConfigurationPlatforms) = preSolution
		Debug|Any CPU = Debug|Any CPU
		Release|Any CPU = Release|Any CPU
	EndGlobalSection
	GlobalSection(ProjectConfigurationPlatforms) = postSolution
		{24BE46A8-0536-4359-BE20-0F0F4CD85E0E}.Debug|Any CPU.ActiveCfg = Debug|Any CPU
		{24BE46A8-0536-4359-BE20-0F0F4CD85E0E}.Debug|Any CPU.Build.0 = Debug|Any CPU
		{24BE46A8-0536-4359-BE20-0F0F4CD85E0E}.Release|Any CPU.ActiveCfg = Release|Any CPU
		{24BE46A8-0536-4359-BE20-0F0F4CD85E0E}.Release|Any CPU.Build.0 = Release|Any CPU
		{D92489E7-49E9-4D1B-8E01-FB69223E0BE3}.Debug|Any CPU.ActiveCfg = Debug|Any CPU
		{D92489E7-49E9-4D1B-8E01-FB69223E0BE3}.Debug|Any CPU.Build.0 = Debug|Any CPU
		{D92489E7-49E9-4D1B-8E01-FB69223E0BE3}.Release|Any CPU.ActiveCfg = Release|Any CPU
		{D92489E7-49E9-4D1B-8E01-FB69223E0BE3}.Release|Any CPU.Build.0 = Release|Any CPU
	EndGlobalSection
	GlobalSection(MonoDevelopProperties) = preSolution
		StartupItem = Vindinium\Vindinium.csproj
		Policies = $0
		$0.TextStylePolicy = $1
		$1.EolMarker = Windows
		$1.inheritsSet = VisualStudio
		$1.inheritsScope = text/plain
		$1.scope = text/x-csharp
		$0.CSharpFormattingPolicy = $2
		$2.IndentSwitchBody = True
		$2.AnonymousMethodBraceStyle = NextLine
		$2.PropertyBraceStyle = NextLine
		$2.PropertyGetBraceStyle = NextLine
		$2.PropertySetBraceStyle = NextLine
		$2.EventBraceStyle = NextLine
		$2.EventAddBraceStyle = NextLine
		$2.EventRemoveBraceStyle = NextLine
		$2.StatementBraceStyle = NextLine
		$2.ElseNewLinePlacement = NewLine
		$2.CatchNewLinePlacement = NewLine
		$2.FinallyNewLinePlacement = NewLine
		$2.WhileNewLinePlacement = DoNotCare
		$2.ArrayInitializerWrapping = DoNotChange
		$2.ArrayInitializerBraceStyle = NextLine
		$2.BeforeMethodDeclarationParentheses = False
		$2.BeforeMethodCallParentheses = False
		$2.BeforeConstructorDeclarationParentheses = False
		$2.BeforeDelegateDeclarationParentheses = False
		$2.NewParentheses = False
		$2.SpacesBeforeBrackets = False
		$2.inheritsSet = Mono
		$2.inheritsScope = text/x-csharp
		$2.scope = text/x-csharp
	EndGlobalSection
	GlobalSection(SolutionProperties) = preSolution
		HideSolutionNode = FALSE
	EndGlobalSection
EndGlobal
